# This file is generated via `pip-compile` and used as a constraint to ensure reproducible installs.
# To (re)generate:
#   pip install pip-tools
#   pip-compile --generate-hashes --output-file=requirements.lock requirements.txt
# Then install with:
#   pip install -r requirements.txt --constraint requirements.lock

#
# This file is autogenerated by pip-compile with Python 3.13
# by the following command:
#
#    pip-compile --output-file=requirements.lock requirements.txt
#
-e git+https://github.com/StakeEngine/math-sdk.git@0842bb244cb8c15e63af541054710a8082901e2f#egg=stakeengine
    # via -r requirements.txt
boto3==1.35.97
    # via -r requirements.txt
botocore==1.35.99
    # via
    #   boto3
    #   s3transfer
jmespath==1.0.1
    # via
    #   boto3
    #   botocore
numpy==2.2.5
    # via -r requirements.txt
packaging==25.0
    # via -r requirements.txt
python-dateutil==2.9.0.post0
    # via
    #   -r requirements.txt
    #   botocore
python-dotenv==1.1.0
    # via -r requirements.txt
s3transfer==0.10.4
    # via boto3
six==1.17.0
    # via python-dateutil
urllib3==2.5.0
    # via botocore
xlsxwriter==3.2.0
    # via -r requirements.txt
zstandard==0.23.0
    # via -r requirements.txt
